<?xml version="1.0" encoding="utf-8"?>
<Project ToolsVersion="4.0" xmlns="http://schemas.microsoft.com/developer/msbuild/2003">
  <ItemGroup>
    <Filter Include="Source Files">
      <UniqueIdentifier>{4FC737F1-C7A5-4376-A066-2A32D752A2FF}</UniqueIdentifier>
      <Extensions>cpp;c;cc;cxx;def;odl;idl;hpj;bat;asm;asmx</Extensions>
    </Filter>
    <Filter Include="Header Files">
      <UniqueIdentifier>{93995380-89BD-4b04-88EB-625FBE52EBFB}</UniqueIdentifier>
      <Extensions>h;hpp;hxx;hm;inl;inc;xsd</Extensions>
    </Filter>
    <Filter Include="Resource Files">
      <UniqueIdentifier>{67DA6AB6-F800-4c08-8B7A-83BB121AAD01}</UniqueIdentifier>
      <Extensions>rc;ico;cur;bmp;dlg;rc2;rct;bin;rgs;gif;jpg;jpeg;jpe;resx;tiff;tif;png;wav;mfcribbon-ms</Extensions>
    </Filter>
    <Filter Include="Classes">
      <UniqueIdentifier>{62eac0c1-9346-441a-bbdb-b63a139514e6}</UniqueIdentifier>
    </Filter>
    <Filter Include="Classes\Emotiv">
      <UniqueIdentifier>{50e6c376-d876-46c6-8aaa-9567ee80850a}</UniqueIdentifier>
    </Filter>
    <Filter Include="Classes\oscpack source">
      <UniqueIdentifier>{3d446f8f-0f3e-4e48-893d-eec72ab4c8d1}</UniqueIdentifier>
    </Filter>
    <Filter Include="Classes\Driver">
      <UniqueIdentifier>{686b969d-370e-43b1-a0f8-6482f94c7cfa}</UniqueIdentifier>
    </Filter>
    <Filter Include="Classes\AppMenu">
      <UniqueIdentifier>{93f91817-c159-4136-92d7-825455052046}</UniqueIdentifier>
    </Filter>
  </ItemGroup>
  <ItemGroup>
    <ClCompile Include="main.cc">
      <Filter>Source Files</Filter>
    </ClCompile>
    <ClCompile Include="..\..\..\Libraries\oscpack\ip\win32\NetworkingUtils.cpp">
      <Filter>Classes\oscpack source</Filter>
    </ClCompile>
    <ClCompile Include="..\..\..\Libraries\oscpack\ip\win32\UdpSocket.cpp">
      <Filter>Classes\oscpack source</Filter>
    </ClCompile>
    <ClCompile Include="Emotiv\EmotivHandler.cc">
      <Filter>Classes\Emotiv</Filter>
    </ClCompile>
    <ClCompile Include="..\..\..\Libraries\oscpack\osc\OscOutboundPacketStream.cpp">
      <Filter>Classes\oscpack source</Filter>
    </ClCompile>
    <ClCompile Include="..\..\..\Libraries\oscpack\osc\OscTypes.cpp">
      <Filter>Classes\oscpack source</Filter>
    </ClCompile>
    <ClCompile Include="..\..\..\Libraries\oscpack\ip\IpEndpointName.cpp">
      <Filter>Classes\oscpack source</Filter>
    </ClCompile>
    <ClCompile Include="Emotiv\Emotiv.cc">
      <Filter>Classes\Emotiv</Filter>
    </ClCompile>
    <ClCompile Include="Driver\Driver.cc">
      <Filter>Classes\Driver</Filter>
    </ClCompile>
    <ClCompile Include="AppMenu\AppMenu.cc">
      <Filter>Classes\AppMenu</Filter>
    </ClCompile>
  </ItemGroup>
  <ItemGroup>
    <ClInclude Include="Emotiv\EmotivHandler.h">
      <Filter>Classes\Emotiv</Filter>
    </ClInclude>
    <ClInclude Include="Emotiv\Emotiv.h">
      <Filter>Classes\Emotiv</Filter>
    </ClInclude>
    <ClInclude Include="Driver\Driver.h">
      <Filter>Classes\Driver</Filter>
    </ClInclude>
    <ClInclude Include="AppMenu\AppMenu.h">
      <Filter>Classes\AppMenu</Filter>
    </ClInclude>
  </ItemGroup>
</Project>